
Microsoft Visual Studio Solution File, Format Version 12.00
# Visual Studio 14
VisualStudioVersion = 14.0.23107.0
MinimumVisualStudioVersion = 10.0.40219.1
Project("{FAE04EC0-301F-11D3-BF4B-00C04F79EFBC}") = "TemperatureApplication", "WindowsFormsApplication1\TemperatureApplication.csproj", "{B222E9B3-9D21-48CB-9ED9-31513ED0C316}"
EndProject
Project("{FAE04EC0-301F-11D3-BF4B-00C04F79EFBC}") = "CelsiusAndFahrenheit", "CelsiusAndFahrenheit\CelsiusAndFahrenheit.csproj", "{17B0397B-6F47-4455-8E32-BA435F90435C}"
EndProject
Global
	GlobalSection(SolutionConfigurationPlatforms) = preSolution
		Debug|Any CPU = Debug|Any CPU
		Release|Any CPU = Release|Any CPU
	EndGlobalSection
	GlobalSection(ProjectConfigurationPlatforms) = postSolution
		{B222E9B3-9D21-48CB-9ED9-31513ED0C316}.Debug|Any CPU.ActiveCfg = Debug|Any CPU
		{B222E9B3-9D21-48CB-9ED9-31513ED0C316}.Debug|Any CPU.Build.0 = Debug|Any CPU
		{B222E9B3-9D21-48CB-9ED9-31513ED0C316}.Release|Any CPU.ActiveCfg = Release|Any CPU
		{B222E9B3-9D21-48CB-9ED9-31513ED0C316}.Release|Any CPU.Build.0 = Release|Any CPU
		{17B0397B-6F47-4455-8E32-BA435F90435C}.Debug|Any CPU.ActiveCfg = Debug|Any CPU
		{17B0397B-6F47-4455-8E32-BA435F90435C}.Debug|Any CPU.Build.0 = Debug|Any CPU
		{17B0397B-6F47-4455-8E32-BA435F90435C}.Release|Any CPU.ActiveCfg = Release|Any CPU
		{17B0397B-6F47-4455-8E32-BA435F90435C}.Release|Any CPU.Build.0 = Release|Any CPU
	EndGlobalSection
	GlobalSection(SolutionProperties) = preSolution
		HideSolutionNode = FALSE
	EndGlobalSection
EndGlobal
